
Microsoft Visual Studio Solution File, Format Version 12.00
# Visual Studio 15
VisualStudioVersion = 15.0.28010.2036
MinimumVisualStudioVersion = 10.0.40219.1
Project("{FAE04EC0-301F-11D3-BF4B-00C04F79EFBC}") = "VendingMachine", "VendingMachine\VendingMachine.csproj", "{EA32DC83-EB03-4473-8529-CBB3CC05A4DE}"
EndProject
Global
	GlobalSection(SolutionConfigurationPlatforms) = preSolution
		Debug|Any CPU = Debug|Any CPU
		Release|Any CPU = Release|Any CPU
	EndGlobalSection
	GlobalSection(ProjectConfigurationPlatforms) = postSolution
		{EA32DC83-EB03-4473-8529-CBB3CC05A4DE}.Debug|Any CPU.ActiveCfg = Debug|Any CPU
		{EA32DC83-EB03-4473-8529-CBB3CC05A4DE}.Debug|Any CPU.Build.0 = Debug|Any CPU
		{EA32DC83-EB03-4473-8529-CBB3CC05A4DE}.Release|Any CPU.ActiveCfg = Release|Any CPU
		{EA32DC83-EB03-4473-8529-CBB3CC05A4DE}.Release|Any CPU.Build.0 = Release|Any CPU
	EndGlobalSection
	GlobalSection(SolutionProperties) = preSolution
		HideSolutionNode = FALSE
	EndGlobalSection
	GlobalSection(ExtensibilityGlobals) = postSolution
		SolutionGuid = {0B0CA885-66AF-4B1C-9B98-701E22E3164E}
	EndGlobalSection
EndGlobal
