
Microsoft Visual Studio Solution File, Format Version 12.00
# Visual Studio 15
VisualStudioVersion = 15.0.28010.2036
MinimumVisualStudioVersion = 10.0.40219.1
Project("{9A19103F-16F7-4668-BE54-9A1E7A4F7556}") = "VendingMachine", "VendingMachine\VendingMachine.csproj", "{EA32DC83-EB03-4473-8529-CBB3CC05A4DE}"
EndProject
Project("{9A19103F-16F7-4668-BE54-9A1E7A4F7556}") = "UnitTests", "UnitTests\UnitTests.csproj", "{9527B594-AD8D-49FC-877A-CCC5AD4118A8}"
EndProject
Project("{9A19103F-16F7-4668-BE54-9A1E7A4F7556}") = "VendingMachine.Logic", "VendingMachine.Logic\VendingMachine.Logic.csproj", "{935C5FC5-0FB4-4D7C-9963-2BAFAEB5BCDD}"
EndProject
Project("{2150E333-8FDC-42A3-9474-1A3956D46DE8}") = "Solution Items", "Solution Items", "{3D8BEC32-C0F0-4710-868A-4465E9D121BF}"
	ProjectSection(SolutionItems) = preProject
		README.md = README.md
	EndProjectSection
EndProject
Global
	GlobalSection(SolutionConfigurationPlatforms) = preSolution
		Debug|Any CPU = Debug|Any CPU
		Release|Any CPU = Release|Any CPU
	EndGlobalSection
	GlobalSection(ProjectConfigurationPlatforms) = postSolution
		{EA32DC83-EB03-4473-8529-CBB3CC05A4DE}.Debug|Any CPU.ActiveCfg = Debug|Any CPU
		{EA32DC83-EB03-4473-8529-CBB3CC05A4DE}.Debug|Any CPU.Build.0 = Debug|Any CPU
		{EA32DC83-EB03-4473-8529-CBB3CC05A4DE}.Release|Any CPU.ActiveCfg = Release|Any CPU
		{EA32DC83-EB03-4473-8529-CBB3CC05A4DE}.Release|Any CPU.Build.0 = Release|Any CPU
		{9527B594-AD8D-49FC-877A-CCC5AD4118A8}.Debug|Any CPU.ActiveCfg = Debug|Any CPU
		{9527B594-AD8D-49FC-877A-CCC5AD4118A8}.Debug|Any CPU.Build.0 = Debug|Any CPU
		{9527B594-AD8D-49FC-877A-CCC5AD4118A8}.Release|Any CPU.ActiveCfg = Release|Any CPU
		{9527B594-AD8D-49FC-877A-CCC5AD4118A8}.Release|Any CPU.Build.0 = Release|Any CPU
		{935C5FC5-0FB4-4D7C-9963-2BAFAEB5BCDD}.Debug|Any CPU.ActiveCfg = Debug|Any CPU
		{935C5FC5-0FB4-4D7C-9963-2BAFAEB5BCDD}.Debug|Any CPU.Build.0 = Debug|Any CPU
		{935C5FC5-0FB4-4D7C-9963-2BAFAEB5BCDD}.Release|Any CPU.ActiveCfg = Release|Any CPU
		{935C5FC5-0FB4-4D7C-9963-2BAFAEB5BCDD}.Release|Any CPU.Build.0 = Release|Any CPU
	EndGlobalSection
	GlobalSection(SolutionProperties) = preSolution
		HideSolutionNode = FALSE
	EndGlobalSection
	GlobalSection(ExtensibilityGlobals) = postSolution
		SolutionGuid = {0B0CA885-66AF-4B1C-9B98-701E22E3164E}
	EndGlobalSection
EndGlobal
